{
  "name": "hd-vue",
  "version": "1.0.0",
  "lockfileVersion": 1,
  "requires": true,
  "dependencies": {
    "animate.css": {
      "version": "4.0.0",
      "resolved": "https://registry.npmjs.org/animate.css/-/animate.css-4.0.0.tgz",
      "integrity": "sha512-/BZp99OByWGftfTt2KoYcfER0k5jum82h16+ZIb3S6ghz1nMXIVCtwZYjgVAc+WNO5vHN/8+cypdhSP0maayiw=="
    },
    "axios": {
      "version": "0.21.1",
      "resolved": "https://registry.npmjs.org/axios/-/axios-0.21.1.tgz",
      "integrity": "sha512-dKQiRHxGD9PPRIUNIWvZhPTPpl1rf/OxTYKsqKUDjBwYylTvV7SjSHJb9ratfyzM6wCdLCOYLzs73qpg5c4iGA==",
      "requires": {
        "follow-redirects": "^1.10.0"
      }
    },
    "follow-redirects": {
      "version": "1.13.1",
      "resolved": "https://registry.npmjs.org/follow-redirects/-/follow-redirects-1.13.1.tgz",
      "integrity": "sha512-SSG5xmZh1mkPGyKzjZP8zLjltIfpW32Y5QpdNJyjcfGxK3qo3NDDkZOZSFiGn1A6SclQxY9GzEwAHQ3dmYRWpg=="
    },
    "loadsh": {
      "version": "0.0.4",
      "resolved": "https://registry.npmjs.org/loadsh/-/loadsh-0.0.4.tgz",
      "integrity": "sha512-U+wLL8InpfRalWrr+0SuhWgGt10M4OyAk6G8xCYo2rwpiHtxZkWiFpjei0vO463ghW8LPCdhqQxXlMy2qicAEw=="
    }
  }
}
